
Microsoft Visual Studio Solution File, Format Version 12.00
# Visual Studio Version 16
VisualStudioVersion = 16.0.30128.74
MinimumVisualStudioVersion = 10.0.40219.1
Project("{FAE04EC0-301F-11D3-BF4B-00C04F79EFBC}") = "IdentityServer", "IdentityServer\IdentityServer.csproj", "{C67BB577-2963-42F1-AAB5-6BB3A3B3FD70}"
EndProject
Global
	GlobalSection(SolutionConfigurationPlatforms) = preSolution
		Debug|Any CPU = Debug|Any CPU
		Release|Any CPU = Release|Any CPU
	EndGlobalSection
	GlobalSection(ProjectConfigurationPlatforms) = postSolution
		{C67BB577-2963-42F1-AAB5-6BB3A3B3FD70}.Debug|Any CPU.ActiveCfg = Debug|Any CPU
		{C67BB577-2963-42F1-AAB5-6BB3A3B3FD70}.Debug|Any CPU.Build.0 = Debug|Any CPU
		{C67BB577-2963-42F1-AAB5-6BB3A3B3FD70}.Release|Any CPU.ActiveCfg = Release|Any CPU
		{C67BB577-2963-42F1-AAB5-6BB3A3B3FD70}.Release|Any CPU.Build.0 = Release|Any CPU
	EndGlobalSection
	GlobalSection(SolutionProperties) = preSolution
		HideSolutionNode = FALSE
	EndGlobalSection
	GlobalSection(ExtensibilityGlobals) = postSolution
		SolutionGuid = {269D84C2-1507-4ECE-B29B-CC6002D737D9}
	EndGlobalSection
EndGlobal
